{
  "apiVersion": "kbld.k14s.io/v1alpha1",
  "kind": "Config",
  "overrides": [
    {
      "preresolved": true,
      "image": "projects.registry.vmware.com/tce/cert-manager@sha256:488ec6fe8f93b0b001ab02202c6e209ca65b90a3a01cdaf604daffad85db67aa",
      "newImage": "docker.io/benjvi/offline-package-cert-manager@sha256:488ec6fe8f93b0b001ab02202c6e209ca65b90a3a01cdaf604daffad85db67aa"
    },
    {
      "preresolved": true,
      "image": "projects.registry.vmware.com/tce/velero@sha256:31e9ba348815809540bec24c8eabfe04bc89f330c1e4da7da793e969f66d01cf",
      "newImage": "docker.io/benjvi/offline-package-velero@sha256:31e9ba348815809540bec24c8eabfe04bc89f330c1e4da7da793e969f66d01cf"
    }
  ]
}
